
Microsoft Visual Studio Solution File, Format Version 12.00
# Visual Studio Version 17
VisualStudioVersion = 17.4.33213.308
MinimumVisualStudioVersion = 10.0.40219.1
Project("{FAE04EC0-301F-11D3-BF4B-00C04F79EFBC}") = "DesignPatterns", "DesignPatterns\DesignPatterns.csproj", "{7EAF3F03-C90B-4ADD-BADF-2024AF4962E7}"
EndProject
Global
	GlobalSection(SolutionConfigurationPlatforms) = preSolution
		Debug|Any CPU = Debug|Any CPU
		Release|Any CPU = Release|Any CPU
	EndGlobalSection
	GlobalSection(ProjectConfigurationPlatforms) = postSolution
		{7EAF3F03-C90B-4ADD-BADF-2024AF4962E7}.Debug|Any CPU.ActiveCfg = Debug|Any CPU
		{7EAF3F03-C90B-4ADD-BADF-2024AF4962E7}.Debug|Any CPU.Build.0 = Debug|Any CPU
		{7EAF3F03-C90B-4ADD-BADF-2024AF4962E7}.Release|Any CPU.ActiveCfg = Release|Any CPU
		{7EAF3F03-C90B-4ADD-BADF-2024AF4962E7}.Release|Any CPU.Build.0 = Release|Any CPU
	EndGlobalSection
	GlobalSection(SolutionProperties) = preSolution
		HideSolutionNode = FALSE
	EndGlobalSection
	GlobalSection(ExtensibilityGlobals) = postSolution
		SolutionGuid = {734198DA-8747-4AE4-A17F-B3C9DCD7315D}
	EndGlobalSection
EndGlobal
